// !$*UTF8*$!
{
	archiveVersion = 1;
	classes = {
	};
	objectVersion = 56;
	objects = {

/* Begin PBXBuildFile section */
		A9BC2D0229E39D080051FECF /* main.cpp in Sources */ = {isa = PBXBuildFile; fileRef = A9BC2D0129E39D080051FECF /* main.cpp */; };
		A9BC2D0A29E39D410051FECF /* Hyun_Namkoong_IntegerSet.cpp in Sources */ = {isa = PBXBuildFile; fileRef = A9BC2D0829E39D410051FECF /* Hyun_Namkoong_IntegerSet.cpp */; };
		A9BC2D0C29E39D5D0051FECF /* 200_assign7.cpp in Sources */ = {isa = PBXBuildFile; fileRef = A9BC2D0B29E39D5D0051FECF /* 200_assign7.cpp */; };
/* End PBXBuildFile section */

/* Begin PBXCopyFilesBuildPhase section */
		A9BC2CFC29E39D080051FECF /* CopyFiles */ = {
			isa = PBXCopyFilesBuildPhase;
			buildActionMask = 2147483647;
			dstPath = /usr/share/man/man1/;
			dstSubfolderSpec = 0;
			files = (
			);
			runOnlyForDeploymentPostprocessing = 1;
		};
/* End PBXCopyFilesBuildPhase section */

/* Begin PBXFileReference section */
		A9BC2CFE29E39D080051FECF /* Hyun_Namkoong_200_assign7 */ = {isa = PBXFileReference; explicitFileType = "compiled.mach-o.executable"; includeInIndex = 0; path = Hyun_Namkoong_200_assign7; sourceTree = BUILT_PRODUCTS_DIR; };
		A9BC2D0129E39D080051FECF /* main.cpp */ = {isa = PBXFileReference; lastKnownFileType = sourcecode.cpp.cpp; path = main.cpp; sourceTree = "<group>"; };
		A9BC2D0829E39D410051FECF /* Hyun_Namkoong_IntegerSet.cpp */ = {isa = PBXFileReference; lastKnownFileType = sourcecode.cpp.cpp; path = Hyun_Namkoong_IntegerSet.cpp; sourceTree = "<group>"; };
		A9BC2D0929E39D410051FECF /* Hyun_Namkoong_IntegerSet.h */ = {isa = PBXFileReference; explicitFileType = sourcecode.cpp.h; path = Hyun_Namkoong_IntegerSet.h; sourceTree = "<group>"; };
		A9BC2D0B29E39D5D0051FECF /* 200_assign7.cpp */ = {isa = PBXFileReference; lastKnownFileType = sourcecode.cpp.cpp; path = 200_assign7.cpp; sourceTree = "<group>"; };
/* End PBXFileReference section */

/* Begin PBXFrameworksBuildPhase section */
		A9BC2CFB29E39D080051FECF /* Frameworks */ = {
			isa = PBXFrameworksBuildPhase;
			buildActionMask = 2147483647;
			files = (
			);
			runOnlyForDeploymentPostprocessing = 0;
		};
/* End PBXFrameworksBuildPhase section */

/* Begin PBXGroup section */
		A9BC2CF529E39D080051FECF = {
			isa = PBXGroup;
			children = (
				A9BC2D0B29E39D5D0051FECF /* 200_assign7.cpp */,
				A9BC2D0829E39D410051FECF /* Hyun_Namkoong_IntegerSet.cpp */,
				A9BC2D0929E39D410051FECF /* Hyun_Namkoong_IntegerSet.h */,
				A9BC2D0029E39D080051FECF /* Hyun_Namkoong_200_assign7 */,
				A9BC2CFF29E39D080051FECF /* Products */,
			);
			sourceTree = "<group>";
		};
		A9BC2CFF29E39D080051FECF /* Products */ = {
			isa = PBXGroup;
			children = (
				A9BC2CFE29E39D080051FECF /* Hyun_Namkoong_200_assign7 */,
			);
			name = Products;
			sourceTree = "<group>";
		};
		A9BC2D0029E39D080051FECF /* Hyun_Namkoong_200_assign7 */ = {
			isa = PBXGroup;
			children = (
				A9BC2D0129E39D080051FECF /* main.cpp */,
			);
			path = Hyun_Namkoong_200_assign7;
			sourceTree = "<group>";
		};
/* End PBXGroup section */

/* Begin PBXNativeTarget section */
		A9BC2CFD29E39D080051FECF /* Hyun_Namkoong_200_assign7 */ = {
			isa = PBXNativeTarget;
			buildConfigurationList = A9BC2D0529E39D080051FECF /* Build configuration list for PBXNativeTarget "Hyun_Namkoong_200_assign7" */;
			buildPhases = (
				A9BC2CFA29E39D080051FECF /* Sources */,
				A9BC2CFB29E39D080051FECF /* Frameworks */,
				A9BC2CFC29E39D080051FECF /* CopyFiles */,
			);
			buildRules = (
			);
			dependencies = (
			);
			name = Hyun_Namkoong_200_assign7;
			productName = Hyun_Namkoong_200_assign7;
			productReference = A9BC2CFE29E39D080051FECF /* Hyun_Namkoong_200_assign7 */;
			productType = "com.apple.product-type.tool";
		};
/* End PBXNativeTarget section */

/* Begin PBXProject section */
		A9BC2CF629E39D080051FECF /* Project object */ = {
			isa = PBXProject;
			attributes = {
				BuildIndependentTargetsInParallel = 1;
				LastUpgradeCheck = 1430;
				TargetAttributes = {
					A9BC2CFD29E39D080051FECF = {
						CreatedOnToolsVersion = 14.3;
					};
				};
			};
			buildConfigurationList = A9BC2CF929E39D080051FECF /* Build configuration list for PBXProject "Hyun_Namkoong_200_assign7" */;
			compatibilityVersion = "Xcode 14.0";
			developmentRegion = en;
			hasScannedForEncodings = 0;
			knownRegions = (
				en,
				Base,
			);
			mainGroup = A9BC2CF529E39D080051FECF;
			productRefGroup = A9BC2CFF29E39D080051FECF /* Products */;
			projectDirPath = "";
			projectRoot = "";
			targets = (
				A9BC2CFD29E39D080051FECF /* Hyun_Namkoong_200_assign7 */,
			);
		};
/* End PBXProject section */

/* Begin PBXSourcesBuildPhase section */
		A9BC2CFA29E39D080051FECF /* Sources */ = {
			isa = PBXSourcesBuildPhase;
			buildActionMask = 2147483647;
			files = (
				A9BC2D0C29E39D5D0051FECF /* 200_assign7.cpp in Sources */,
				A9BC2D0A29E39D410051FECF /* Hyun_Namkoong_IntegerSet.cpp in Sources */,
				A9BC2D0229E39D080051FECF /* main.cpp in Sources */,
			);
			runOnlyForDeploymentPostprocessing = 0;
		};
/* End PBXSourcesBuildPhase section */

/* Begin XCBuildConfiguration section */
		A9BC2D0329E39D080051FECF /* Debug */ = {
			isa = XCBuildConfiguration;
			buildSettings = {
				ALWAYS_SEARCH_USER_PATHS = NO;
				CLANG_ANALYZER_NONNULL = YES;
				CLANG_ANALYZER_NUMBER_OBJECT_CONVERSION = YES_AGGRESSIVE;
				CLANG_CXX_LANGUAGE_STANDARD = "gnu++20";
				CLANG_ENABLE_MODULES = YES;
				CLANG_ENABLE_OBJC_ARC = YES;
				CLANG_ENABLE_OBJC_WEAK = YES;
				CLANG_WARN_BLOCK_CAPTURE_AUTORELEASING = YES;
				CLANG_WARN_BOOL_CONVERSION = YES;
				CLANG_WARN_COMMA = YES;
				CLANG_WARN_CONSTANT_CONVERSION = YES;
				CLANG_WARN_DEPRECATED_OBJC_IMPLEMENTATIONS = YES;
				CLANG_WARN_DIRECT_OBJC_ISA_USAGE = YES_ERROR;
				CLANG_WARN_DOCUMENTATION_COMMENTS = YES;
				CLANG_WARN_EMPTY_BODY = YES;
				CLANG_WARN_ENUM_CONVERSION = YES;
				CLANG_WARN_INFINITE_RECURSION = YES;
				CLANG_WARN_INT_CONVERSION = YES;
				CLANG_WARN_NON_LITERAL_NULL_CONVERSION = YES;
				CLANG_WARN_OBJC_IMPLICIT_RETAIN_SELF = YES;
				CLANG_WARN_OBJC_LITERAL_CONVERSION = YES;
				CLANG_WARN_OBJC_ROOT_CLASS = YES_ERROR;
				CLANG_WARN_QUOTED_INCLUDE_IN_FRAMEWORK_HEADER = YES;
				CLANG_WARN_RANGE_LOOP_ANALYSIS = YES;
				CLANG_WARN_STRICT_PROTOTYPES = YES;
				CLANG_WARN_SUSPICIOUS_MOVE = YES;
				CLANG_WARN_UNGUARDED_AVAILABILITY = YES_AGGRESSIVE;
				CLANG_WARN_UNREACHABLE_CODE = YES;
				CLANG_WARN__DUPLICATE_METHOD_MATCH = YES;
				COPY_PHASE_STRIP = NO;
				DEBUG_INFORMATION_FORMAT = dwarf;
				ENABLE_STRICT_OBJC_MSGSEND = YES;
				ENABLE_TESTABILITY = YES;
				GCC_C_LANGUAGE_STANDARD = gnu11;
				GCC_DYNAMIC_NO_PIC = NO;
				GCC_NO_COMMON_BLOCKS = YES;
				GCC_OPTIMIZATION_LEVEL = 0;
				GCC_PREPROCESSOR_DEFINITIONS = (
					"DEBUG=1",
					"$(inherited)",
				);
				GCC_WARN_64_TO_32_BIT_CONVERSION = YES;
				GCC_WARN_ABOUT_RETURN_TYPE = YES_ERROR;
				GCC_WARN_UNDECLARED_SELECTOR = YES;
				GCC_WARN_UNINITIALIZED_AUTOS = YES_AGGRESSIVE;
				GCC_WARN_UNUSED_FUNCTION = YES;
				GCC_WARN_UNUSED_VARIABLE = YES;
				MACOSX_DEPLOYMENT_TARGET = 13.2;
				MTL_ENABLE_DEBUG_INFO = INCLUDE_SOURCE;
				MTL_FAST_MATH = YES;
				ONLY_ACTIVE_ARCH = YES;
				SDKROOT = macosx;
			};
			name = Debug;
		};
		A9BC2D0429E39D080051FECF /* Release */ = {
			isa = XCBuildConfiguration;
			buildSettings = {
				ALWAYS_SEARCH_USER_PATHS = NO;
				CLANG_ANALYZER_NONNULL = YES;
				CLANG_ANALYZER_NUMBER_OBJECT_CONVERSION = YES_AGGRESSIVE;
				CLANG_CXX_LANGUAGE_STANDARD = "gnu++20";
				CLANG_ENABLE_MODULES = YES;
				CLANG_ENABLE_OBJC_ARC = YES;
				CLANG_ENABLE_OBJC_WEAK = YES;
				CLANG_WARN_BLOCK_CAPTURE_AUTORELEASING = YES;
				CLANG_WARN_BOOL_CONVERSION = YES;
				CLANG_WARN_COMMA = YES;
				CLANG_WARN_CONSTANT_CONVERSION = YES;
				CLANG_WARN_DEPRECATED_OBJC_IMPLEMENTATIONS = YES;
				CLANG_WARN_DIRECT_OBJC_ISA_USAGE = YES_ERROR;
				CLANG_WARN_DOCUMENTATION_COMMENTS = YES;
				CLANG_WARN_EMPTY_BODY = YES;
				CLANG_WARN_ENUM_CONVERSION = YES;
				CLANG_WARN_INFINITE_RECURSION = YES;
				CLANG_WARN_INT_CONVERSION = YES;
				CLANG_WARN_NON_LITERAL_NULL_CONVERSION = YES;
				CLANG_WARN_OBJC_IMPLICIT_RETAIN_SELF = YES;
				CLANG_WARN_OBJC_LITERAL_CONVERSION = YES;
				CLANG_WARN_OBJC_ROOT_CLASS = YES_ERROR;
				CLANG_WARN_QUOTED_INCLUDE_IN_FRAMEWORK_HEADER = YES;
				CLANG_WARN_RANGE_LOOP_ANALYSIS = YES;
				CLANG_WARN_STRICT_PROTOTYPES = YES;
				CLANG_WARN_SUSPICIOUS_MOVE = YES;
				CLANG_WARN_UNGUARDED_AVAILABILITY = YES_AGGRESSIVE;
				CLANG_WARN_UNREACHABLE_CODE = YES;
				CLANG_WARN__DUPLICATE_METHOD_MATCH = YES;
				COPY_PHASE_STRIP = NO;
				DEBUG_INFORMATION_FORMAT = "dwarf-with-dsym";
				ENABLE_NS_ASSERTIONS = NO;
				ENABLE_STRICT_OBJC_MSGSEND = YES;
				GCC_C_LANGUAGE_STANDARD = gnu11;
				GCC_NO_COMMON_BLOCKS = YES;
				GCC_WARN_64_TO_32_BIT_CONVERSION = YES;
				GCC_WARN_ABOUT_RETURN_TYPE = YES_ERROR;
				GCC_WARN_UNDECLARED_SELECTOR = YES;
				GCC_WARN_UNINITIALIZED_AUTOS = YES_AGGRESSIVE;
				GCC_WARN_UNUSED_FUNCTION = YES;
				GCC_WARN_UNUSED_VARIABLE = YES;
				MACOSX_DEPLOYMENT_TARGET = 13.2;
				MTL_ENABLE_DEBUG_INFO = NO;
				MTL_FAST_MATH = YES;
				SDKROOT = macosx;
			};
			name = Release;
		};
		A9BC2D0629E39D080051FECF /* Debug */ = {
			isa = XCBuildConfiguration;
			buildSettings = {
				CODE_SIGN_STYLE = Automatic;
				PRODUCT_NAME = "$(TARGET_NAME)";
			};
			name = Debug;
		};
		A9BC2D0729E39D080051FECF /* Release */ = {
			isa = XCBuildConfiguration;
			buildSettings = {
				CODE_SIGN_STYLE = Automatic;
				PRODUCT_NAME = "$(TARGET_NAME)";
			};
			name = Release;
		};
/* End XCBuildConfiguration section */

/* Begin XCConfigurationList section */
		A9BC2CF929E39D080051FECF /* Build configuration list for PBXProject "Hyun_Namkoong_200_assign7" */ = {
			isa = XCConfigurationList;
			buildConfigurations = (
				A9BC2D0329E39D080051FECF /* Debug */,
				A9BC2D0429E39D080051FECF /* Release */,
			);
			defaultConfigurationIsVisible = 0;
			defaultConfigurationName = Release;
		};
		A9BC2D0529E39D080051FECF /* Build configuration list for PBXNativeTarget "Hyun_Namkoong_200_assign7" */ = {
			isa = XCConfigurationList;
			buildConfigurations = (
				A9BC2D0629E39D080051FECF /* Debug */,
				A9BC2D0729E39D080051FECF /* Release */,
			);
			defaultConfigurationIsVisible = 0;
			defaultConfigurationName = Release;
		};
/* End XCConfigurationList section */
	};
	rootObject = A9BC2CF629E39D080051FECF /* Project object */;
}
