// !$*UTF8*$!
{
	archiveVersion = 1;
	classes = {
	};
	objectVersion = 56;
	objects = {

/* Begin PBXBuildFile section */
		A90A60E329DA18D400DDC404 /* main.cpp in Sources */ = {isa = PBXBuildFile; fileRef = A90A60E229DA18D400DDC404 /* main.cpp */; };
		A90A60F329DA196300DDC404 /* Hyun_Namkoong_Card.cpp in Sources */ = {isa = PBXBuildFile; fileRef = A90A60F129DA196300DDC404 /* Hyun_Namkoong_Card.cpp */; };
		A90A60F629DA197700DDC404 /* Hyun_Namkoong_DeckOfCards.cpp in Sources */ = {isa = PBXBuildFile; fileRef = A90A60F429DA197700DDC404 /* Hyun_Namkoong_DeckOfCards.cpp */; };
		A90A60F829DA198A00DDC404 /* Hyun_Namkoong_200_assign6.cpp in Sources */ = {isa = PBXBuildFile; fileRef = A90A60F729DA198A00DDC404 /* Hyun_Namkoong_200_assign6.cpp */; };
/* End PBXBuildFile section */

/* Begin PBXCopyFilesBuildPhase section */
		A90A60DD29DA18D400DDC404 /* CopyFiles */ = {
			isa = PBXCopyFilesBuildPhase;
			buildActionMask = 2147483647;
			dstPath = /usr/share/man/man1/;
			dstSubfolderSpec = 0;
			files = (
			);
			runOnlyForDeploymentPostprocessing = 1;
		};
/* End PBXCopyFilesBuildPhase section */

/* Begin PBXFileReference section */
		A90A60DF29DA18D400DDC404 /* Hyun_Namkoong_200_assign6 */ = {isa = PBXFileReference; explicitFileType = "compiled.mach-o.executable"; includeInIndex = 0; path = Hyun_Namkoong_200_assign6; sourceTree = BUILT_PRODUCTS_DIR; };
		A90A60E229DA18D400DDC404 /* main.cpp */ = {isa = PBXFileReference; lastKnownFileType = sourcecode.cpp.cpp; path = main.cpp; sourceTree = "<group>"; };
		A90A60F129DA196300DDC404 /* Hyun_Namkoong_Card.cpp */ = {isa = PBXFileReference; lastKnownFileType = sourcecode.cpp.cpp; path = Hyun_Namkoong_Card.cpp; sourceTree = "<group>"; };
		A90A60F229DA196300DDC404 /* Hyun_Namkoong_Card.h */ = {isa = PBXFileReference; lastKnownFileType = sourcecode.c.h; path = Hyun_Namkoong_Card.h; sourceTree = "<group>"; };
		A90A60F429DA197700DDC404 /* Hyun_Namkoong_DeckOfCards.cpp */ = {isa = PBXFileReference; lastKnownFileType = sourcecode.cpp.cpp; path = Hyun_Namkoong_DeckOfCards.cpp; sourceTree = "<group>"; };
		A90A60F529DA197700DDC404 /* Hyun_Namkoong_DeckOfCards.h */ = {isa = PBXFileReference; lastKnownFileType = sourcecode.c.h; path = Hyun_Namkoong_DeckOfCards.h; sourceTree = "<group>"; };
		A90A60F729DA198A00DDC404 /* Hyun_Namkoong_200_assign6.cpp */ = {isa = PBXFileReference; lastKnownFileType = sourcecode.cpp.cpp; path = Hyun_Namkoong_200_assign6.cpp; sourceTree = "<group>"; };
/* End PBXFileReference section */

/* Begin PBXFrameworksBuildPhase section */
		A90A60DC29DA18D400DDC404 /* Frameworks */ = {
			isa = PBXFrameworksBuildPhase;
			buildActionMask = 2147483647;
			files = (
			);
			runOnlyForDeploymentPostprocessing = 0;
		};
/* End PBXFrameworksBuildPhase section */

/* Begin PBXGroup section */
		A90A60D629DA18D400DDC404 = {
			isa = PBXGroup;
			children = (
				A90A60F729DA198A00DDC404 /* Hyun_Namkoong_200_assign6.cpp */,
				A90A60F429DA197700DDC404 /* Hyun_Namkoong_DeckOfCards.cpp */,
				A90A60F529DA197700DDC404 /* Hyun_Namkoong_DeckOfCards.h */,
				A90A60F129DA196300DDC404 /* Hyun_Namkoong_Card.cpp */,
				A90A60F229DA196300DDC404 /* Hyun_Namkoong_Card.h */,
				A90A60E129DA18D400DDC404 /* Hyun_Namkoong_200_assign6 */,
				A90A60E029DA18D400DDC404 /* Products */,
			);
			sourceTree = "<group>";
		};
		A90A60E029DA18D400DDC404 /* Products */ = {
			isa = PBXGroup;
			children = (
				A90A60DF29DA18D400DDC404 /* Hyun_Namkoong_200_assign6 */,
			);
			name = Products;
			sourceTree = "<group>";
		};
		A90A60E129DA18D400DDC404 /* Hyun_Namkoong_200_assign6 */ = {
			isa = PBXGroup;
			children = (
				A90A60E229DA18D400DDC404 /* main.cpp */,
			);
			path = Hyun_Namkoong_200_assign6;
			sourceTree = "<group>";
		};
/* End PBXGroup section */

/* Begin PBXNativeTarget section */
		A90A60DE29DA18D400DDC404 /* Hyun_Namkoong_200_assign6 */ = {
			isa = PBXNativeTarget;
			buildConfigurationList = A90A60E629DA18D400DDC404 /* Build configuration list for PBXNativeTarget "Hyun_Namkoong_200_assign6" */;
			buildPhases = (
				A90A60DB29DA18D400DDC404 /* Sources */,
				A90A60DC29DA18D400DDC404 /* Frameworks */,
				A90A60DD29DA18D400DDC404 /* CopyFiles */,
			);
			buildRules = (
			);
			dependencies = (
			);
			name = Hyun_Namkoong_200_assign6;
			productName = Hyun_Namkoong_200_assign6;
			productReference = A90A60DF29DA18D400DDC404 /* Hyun_Namkoong_200_assign6 */;
			productType = "com.apple.product-type.tool";
		};
/* End PBXNativeTarget section */

/* Begin PBXProject section */
		A90A60D729DA18D400DDC404 /* Project object */ = {
			isa = PBXProject;
			attributes = {
				BuildIndependentTargetsInParallel = 1;
				LastUpgradeCheck = 1430;
				TargetAttributes = {
					A90A60DE29DA18D400DDC404 = {
						CreatedOnToolsVersion = 14.3;
					};
				};
			};
			buildConfigurationList = A90A60DA29DA18D400DDC404 /* Build configuration list for PBXProject "Hyun_Namkoong_200_assign6" */;
			compatibilityVersion = "Xcode 14.0";
			developmentRegion = en;
			hasScannedForEncodings = 0;
			knownRegions = (
				en,
				Base,
			);
			mainGroup = A90A60D629DA18D400DDC404;
			productRefGroup = A90A60E029DA18D400DDC404 /* Products */;
			projectDirPath = "";
			projectRoot = "";
			targets = (
				A90A60DE29DA18D400DDC404 /* Hyun_Namkoong_200_assign6 */,
			);
		};
/* End PBXProject section */

/* Begin PBXSourcesBuildPhase section */
		A90A60DB29DA18D400DDC404 /* Sources */ = {
			isa = PBXSourcesBuildPhase;
			buildActionMask = 2147483647;
			files = (
				A90A60E329DA18D400DDC404 /* main.cpp in Sources */,
				A90A60F329DA196300DDC404 /* Hyun_Namkoong_Card.cpp in Sources */,
				A90A60F829DA198A00DDC404 /* Hyun_Namkoong_200_assign6.cpp in Sources */,
				A90A60F629DA197700DDC404 /* Hyun_Namkoong_DeckOfCards.cpp in Sources */,
			);
			runOnlyForDeploymentPostprocessing = 0;
		};
/* End PBXSourcesBuildPhase section */

/* Begin XCBuildConfiguration section */
		A90A60E429DA18D400DDC404 /* Debug */ = {
			isa = XCBuildConfiguration;
			buildSettings = {
				ALWAYS_SEARCH_USER_PATHS = NO;
				CLANG_ANALYZER_NONNULL = YES;
				CLANG_ANALYZER_NUMBER_OBJECT_CONVERSION = YES_AGGRESSIVE;
				CLANG_CXX_LANGUAGE_STANDARD = "gnu++20";
				CLANG_ENABLE_MODULES = YES;
				CLANG_ENABLE_OBJC_ARC = YES;
				CLANG_ENABLE_OBJC_WEAK = YES;
				CLANG_WARN_BLOCK_CAPTURE_AUTORELEASING = YES;
				CLANG_WARN_BOOL_CONVERSION = YES;
				CLANG_WARN_COMMA = YES;
				CLANG_WARN_CONSTANT_CONVERSION = YES;
				CLANG_WARN_DEPRECATED_OBJC_IMPLEMENTATIONS = YES;
				CLANG_WARN_DIRECT_OBJC_ISA_USAGE = YES_ERROR;
				CLANG_WARN_DOCUMENTATION_COMMENTS = YES;
				CLANG_WARN_EMPTY_BODY = YES;
				CLANG_WARN_ENUM_CONVERSION = YES;
				CLANG_WARN_INFINITE_RECURSION = YES;
				CLANG_WARN_INT_CONVERSION = YES;
				CLANG_WARN_NON_LITERAL_NULL_CONVERSION = YES;
				CLANG_WARN_OBJC_IMPLICIT_RETAIN_SELF = YES;
				CLANG_WARN_OBJC_LITERAL_CONVERSION = YES;
				CLANG_WARN_OBJC_ROOT_CLASS = YES_ERROR;
				CLANG_WARN_QUOTED_INCLUDE_IN_FRAMEWORK_HEADER = YES;
				CLANG_WARN_RANGE_LOOP_ANALYSIS = YES;
				CLANG_WARN_STRICT_PROTOTYPES = YES;
				CLANG_WARN_SUSPICIOUS_MOVE = YES;
				CLANG_WARN_UNGUARDED_AVAILABILITY = YES_AGGRESSIVE;
				CLANG_WARN_UNREACHABLE_CODE = YES;
				CLANG_WARN__DUPLICATE_METHOD_MATCH = YES;
				COPY_PHASE_STRIP = NO;
				DEBUG_INFORMATION_FORMAT = dwarf;
				ENABLE_STRICT_OBJC_MSGSEND = YES;
				ENABLE_TESTABILITY = YES;
				GCC_C_LANGUAGE_STANDARD = gnu11;
				GCC_DYNAMIC_NO_PIC = NO;
				GCC_NO_COMMON_BLOCKS = YES;
				GCC_OPTIMIZATION_LEVEL = 0;
				GCC_PREPROCESSOR_DEFINITIONS = (
					"DEBUG=1",
					"$(inherited)",
				);
				GCC_WARN_64_TO_32_BIT_CONVERSION = YES;
				GCC_WARN_ABOUT_RETURN_TYPE = YES_ERROR;
				GCC_WARN_UNDECLARED_SELECTOR = YES;
				GCC_WARN_UNINITIALIZED_AUTOS = YES_AGGRESSIVE;
				GCC_WARN_UNUSED_FUNCTION = YES;
				GCC_WARN_UNUSED_VARIABLE = YES;
				MACOSX_DEPLOYMENT_TARGET = 13.2;
				MTL_ENABLE_DEBUG_INFO = INCLUDE_SOURCE;
				MTL_FAST_MATH = YES;
				ONLY_ACTIVE_ARCH = YES;
				SDKROOT = macosx;
			};
			name = Debug;
		};
		A90A60E529DA18D400DDC404 /* Release */ = {
			isa = XCBuildConfiguration;
			buildSettings = {
				ALWAYS_SEARCH_USER_PATHS = NO;
				CLANG_ANALYZER_NONNULL = YES;
				CLANG_ANALYZER_NUMBER_OBJECT_CONVERSION = YES_AGGRESSIVE;
				CLANG_CXX_LANGUAGE_STANDARD = "gnu++20";
				CLANG_ENABLE_MODULES = YES;
				CLANG_ENABLE_OBJC_ARC = YES;
				CLANG_ENABLE_OBJC_WEAK = YES;
				CLANG_WARN_BLOCK_CAPTURE_AUTORELEASING = YES;
				CLANG_WARN_BOOL_CONVERSION = YES;
				CLANG_WARN_COMMA = YES;
				CLANG_WARN_CONSTANT_CONVERSION = YES;
				CLANG_WARN_DEPRECATED_OBJC_IMPLEMENTATIONS = YES;
				CLANG_WARN_DIRECT_OBJC_ISA_USAGE = YES_ERROR;
				CLANG_WARN_DOCUMENTATION_COMMENTS = YES;
				CLANG_WARN_EMPTY_BODY = YES;
				CLANG_WARN_ENUM_CONVERSION = YES;
				CLANG_WARN_INFINITE_RECURSION = YES;
				CLANG_WARN_INT_CONVERSION = YES;
				CLANG_WARN_NON_LITERAL_NULL_CONVERSION = YES;
				CLANG_WARN_OBJC_IMPLICIT_RETAIN_SELF = YES;
				CLANG_WARN_OBJC_LITERAL_CONVERSION = YES;
				CLANG_WARN_OBJC_ROOT_CLASS = YES_ERROR;
				CLANG_WARN_QUOTED_INCLUDE_IN_FRAMEWORK_HEADER = YES;
				CLANG_WARN_RANGE_LOOP_ANALYSIS = YES;
				CLANG_WARN_STRICT_PROTOTYPES = YES;
				CLANG_WARN_SUSPICIOUS_MOVE = YES;
				CLANG_WARN_UNGUARDED_AVAILABILITY = YES_AGGRESSIVE;
				CLANG_WARN_UNREACHABLE_CODE = YES;
				CLANG_WARN__DUPLICATE_METHOD_MATCH = YES;
				COPY_PHASE_STRIP = NO;
				DEBUG_INFORMATION_FORMAT = "dwarf-with-dsym";
				ENABLE_NS_ASSERTIONS = NO;
				ENABLE_STRICT_OBJC_MSGSEND = YES;
				GCC_C_LANGUAGE_STANDARD = gnu11;
				GCC_NO_COMMON_BLOCKS = YES;
				GCC_WARN_64_TO_32_BIT_CONVERSION = YES;
				GCC_WARN_ABOUT_RETURN_TYPE = YES_ERROR;
				GCC_WARN_UNDECLARED_SELECTOR = YES;
				GCC_WARN_UNINITIALIZED_AUTOS = YES_AGGRESSIVE;
				GCC_WARN_UNUSED_FUNCTION = YES;
				GCC_WARN_UNUSED_VARIABLE = YES;
				MACOSX_DEPLOYMENT_TARGET = 13.2;
				MTL_ENABLE_DEBUG_INFO = NO;
				MTL_FAST_MATH = YES;
				SDKROOT = macosx;
			};
			name = Release;
		};
		A90A60E729DA18D400DDC404 /* Debug */ = {
			isa = XCBuildConfiguration;
			buildSettings = {
				CODE_SIGN_STYLE = Automatic;
				PRODUCT_NAME = "$(TARGET_NAME)";
			};
			name = Debug;
		};
		A90A60E829DA18D400DDC404 /* Release */ = {
			isa = XCBuildConfiguration;
			buildSettings = {
				CODE_SIGN_STYLE = Automatic;
				PRODUCT_NAME = "$(TARGET_NAME)";
			};
			name = Release;
		};
/* End XCBuildConfiguration section */

/* Begin XCConfigurationList section */
		A90A60DA29DA18D400DDC404 /* Build configuration list for PBXProject "Hyun_Namkoong_200_assign6" */ = {
			isa = XCConfigurationList;
			buildConfigurations = (
				A90A60E429DA18D400DDC404 /* Debug */,
				A90A60E529DA18D400DDC404 /* Release */,
			);
			defaultConfigurationIsVisible = 0;
			defaultConfigurationName = Release;
		};
		A90A60E629DA18D400DDC404 /* Build configuration list for PBXNativeTarget "Hyun_Namkoong_200_assign6" */ = {
			isa = XCConfigurationList;
			buildConfigurations = (
				A90A60E729DA18D400DDC404 /* Debug */,
				A90A60E829DA18D400DDC404 /* Release */,
			);
			defaultConfigurationIsVisible = 0;
			defaultConfigurationName = Release;
		};
/* End XCConfigurationList section */
	};
	rootObject = A90A60D729DA18D400DDC404 /* Project object */;
}
