// !$*UTF8*$!
{
	archiveVersion = 1;
	classes = {
	};
	objectVersion = 56;
	objects = {

/* Begin PBXBuildFile section */
		A9CB0ECD29ED0CB2004C2A3C /* main.cpp in Sources */ = {isa = PBXBuildFile; fileRef = A9CB0ECC29ED0CB2004C2A3C /* main.cpp */; };
		A9CB0ED529ED0D12004C2A3C /* Polynomial.cpp in Sources */ = {isa = PBXBuildFile; fileRef = A9CB0ED329ED0D12004C2A3C /* Polynomial.cpp */; };
		A9CB0ED729ED0D2B004C2A3C /* Polynomial_app.cpp in Sources */ = {isa = PBXBuildFile; fileRef = A9CB0ED629ED0D2B004C2A3C /* Polynomial_app.cpp */; };
/* End PBXBuildFile section */

/* Begin PBXCopyFilesBuildPhase section */
		A9CB0EC729ED0CB2004C2A3C /* CopyFiles */ = {
			isa = PBXCopyFilesBuildPhase;
			buildActionMask = 2147483647;
			dstPath = /usr/share/man/man1/;
			dstSubfolderSpec = 0;
			files = (
			);
			runOnlyForDeploymentPostprocessing = 1;
		};
/* End PBXCopyFilesBuildPhase section */

/* Begin PBXFileReference section */
		A9CB0EC929ED0CB2004C2A3C /* Hyun_Namkoong_200_assign8 */ = {isa = PBXFileReference; explicitFileType = "compiled.mach-o.executable"; includeInIndex = 0; path = Hyun_Namkoong_200_assign8; sourceTree = BUILT_PRODUCTS_DIR; };
		A9CB0ECC29ED0CB2004C2A3C /* main.cpp */ = {isa = PBXFileReference; lastKnownFileType = sourcecode.cpp.cpp; path = main.cpp; sourceTree = "<group>"; };
		A9CB0ED329ED0D12004C2A3C /* Polynomial.cpp */ = {isa = PBXFileReference; lastKnownFileType = sourcecode.cpp.cpp; path = Polynomial.cpp; sourceTree = "<group>"; };
		A9CB0ED429ED0D12004C2A3C /* Polynomial.h */ = {isa = PBXFileReference; explicitFileType = sourcecode.cpp.h; path = Polynomial.h; sourceTree = "<group>"; };
		A9CB0ED629ED0D2B004C2A3C /* Polynomial_app.cpp */ = {isa = PBXFileReference; lastKnownFileType = sourcecode.cpp.cpp; path = Polynomial_app.cpp; sourceTree = "<group>"; };
/* End PBXFileReference section */

/* Begin PBXFrameworksBuildPhase section */
		A9CB0EC629ED0CB2004C2A3C /* Frameworks */ = {
			isa = PBXFrameworksBuildPhase;
			buildActionMask = 2147483647;
			files = (
			);
			runOnlyForDeploymentPostprocessing = 0;
		};
/* End PBXFrameworksBuildPhase section */

/* Begin PBXGroup section */
		A9CB0EC029ED0CB2004C2A3C = {
			isa = PBXGroup;
			children = (
				A9CB0ED629ED0D2B004C2A3C /* Polynomial_app.cpp */,
				A9CB0ED329ED0D12004C2A3C /* Polynomial.cpp */,
				A9CB0ED429ED0D12004C2A3C /* Polynomial.h */,
				A9CB0ECB29ED0CB2004C2A3C /* Hyun_Namkoong_200_assign8 */,
				A9CB0ECA29ED0CB2004C2A3C /* Products */,
			);
			sourceTree = "<group>";
		};
		A9CB0ECA29ED0CB2004C2A3C /* Products */ = {
			isa = PBXGroup;
			children = (
				A9CB0EC929ED0CB2004C2A3C /* Hyun_Namkoong_200_assign8 */,
			);
			name = Products;
			sourceTree = "<group>";
		};
		A9CB0ECB29ED0CB2004C2A3C /* Hyun_Namkoong_200_assign8 */ = {
			isa = PBXGroup;
			children = (
				A9CB0ECC29ED0CB2004C2A3C /* main.cpp */,
			);
			path = Hyun_Namkoong_200_assign8;
			sourceTree = "<group>";
		};
/* End PBXGroup section */

/* Begin PBXNativeTarget section */
		A9CB0EC829ED0CB2004C2A3C /* Hyun_Namkoong_200_assign8 */ = {
			isa = PBXNativeTarget;
			buildConfigurationList = A9CB0ED029ED0CB2004C2A3C /* Build configuration list for PBXNativeTarget "Hyun_Namkoong_200_assign8" */;
			buildPhases = (
				A9CB0EC529ED0CB2004C2A3C /* Sources */,
				A9CB0EC629ED0CB2004C2A3C /* Frameworks */,
				A9CB0EC729ED0CB2004C2A3C /* CopyFiles */,
			);
			buildRules = (
			);
			dependencies = (
			);
			name = Hyun_Namkoong_200_assign8;
			productName = Hyun_Namkoong_200_assign8;
			productReference = A9CB0EC929ED0CB2004C2A3C /* Hyun_Namkoong_200_assign8 */;
			productType = "com.apple.product-type.tool";
		};
/* End PBXNativeTarget section */

/* Begin PBXProject section */
		A9CB0EC129ED0CB2004C2A3C /* Project object */ = {
			isa = PBXProject;
			attributes = {
				BuildIndependentTargetsInParallel = 1;
				LastUpgradeCheck = 1430;
				TargetAttributes = {
					A9CB0EC829ED0CB2004C2A3C = {
						CreatedOnToolsVersion = 14.3;
					};
				};
			};
			buildConfigurationList = A9CB0EC429ED0CB2004C2A3C /* Build configuration list for PBXProject "Hyun_Namkoong_200_assign8" */;
			compatibilityVersion = "Xcode 14.0";
			developmentRegion = en;
			hasScannedForEncodings = 0;
			knownRegions = (
				en,
				Base,
			);
			mainGroup = A9CB0EC029ED0CB2004C2A3C;
			productRefGroup = A9CB0ECA29ED0CB2004C2A3C /* Products */;
			projectDirPath = "";
			projectRoot = "";
			targets = (
				A9CB0EC829ED0CB2004C2A3C /* Hyun_Namkoong_200_assign8 */,
			);
		};
/* End PBXProject section */

/* Begin PBXSourcesBuildPhase section */
		A9CB0EC529ED0CB2004C2A3C /* Sources */ = {
			isa = PBXSourcesBuildPhase;
			buildActionMask = 2147483647;
			files = (
				A9CB0ED729ED0D2B004C2A3C /* Polynomial_app.cpp in Sources */,
				A9CB0ECD29ED0CB2004C2A3C /* main.cpp in Sources */,
				A9CB0ED529ED0D12004C2A3C /* Polynomial.cpp in Sources */,
			);
			runOnlyForDeploymentPostprocessing = 0;
		};
/* End PBXSourcesBuildPhase section */

/* Begin XCBuildConfiguration section */
		A9CB0ECE29ED0CB2004C2A3C /* Debug */ = {
			isa = XCBuildConfiguration;
			buildSettings = {
				ALWAYS_SEARCH_USER_PATHS = NO;
				CLANG_ANALYZER_NONNULL = YES;
				CLANG_ANALYZER_NUMBER_OBJECT_CONVERSION = YES_AGGRESSIVE;
				CLANG_CXX_LANGUAGE_STANDARD = "gnu++20";
				CLANG_ENABLE_MODULES = YES;
				CLANG_ENABLE_OBJC_ARC = YES;
				CLANG_ENABLE_OBJC_WEAK = YES;
				CLANG_WARN_BLOCK_CAPTURE_AUTORELEASING = YES;
				CLANG_WARN_BOOL_CONVERSION = YES;
				CLANG_WARN_COMMA = YES;
				CLANG_WARN_CONSTANT_CONVERSION = YES;
				CLANG_WARN_DEPRECATED_OBJC_IMPLEMENTATIONS = YES;
				CLANG_WARN_DIRECT_OBJC_ISA_USAGE = YES_ERROR;
				CLANG_WARN_DOCUMENTATION_COMMENTS = YES;
				CLANG_WARN_EMPTY_BODY = YES;
				CLANG_WARN_ENUM_CONVERSION = YES;
				CLANG_WARN_INFINITE_RECURSION = YES;
				CLANG_WARN_INT_CONVERSION = YES;
				CLANG_WARN_NON_LITERAL_NULL_CONVERSION = YES;
				CLANG_WARN_OBJC_IMPLICIT_RETAIN_SELF = YES;
				CLANG_WARN_OBJC_LITERAL_CONVERSION = YES;
				CLANG_WARN_OBJC_ROOT_CLASS = YES_ERROR;
				CLANG_WARN_QUOTED_INCLUDE_IN_FRAMEWORK_HEADER = YES;
				CLANG_WARN_RANGE_LOOP_ANALYSIS = YES;
				CLANG_WARN_STRICT_PROTOTYPES = YES;
				CLANG_WARN_SUSPICIOUS_MOVE = YES;
				CLANG_WARN_UNGUARDED_AVAILABILITY = YES_AGGRESSIVE;
				CLANG_WARN_UNREACHABLE_CODE = YES;
				CLANG_WARN__DUPLICATE_METHOD_MATCH = YES;
				COPY_PHASE_STRIP = NO;
				DEBUG_INFORMATION_FORMAT = dwarf;
				ENABLE_STRICT_OBJC_MSGSEND = YES;
				ENABLE_TESTABILITY = YES;
				GCC_C_LANGUAGE_STANDARD = gnu11;
				GCC_DYNAMIC_NO_PIC = NO;
				GCC_NO_COMMON_BLOCKS = YES;
				GCC_OPTIMIZATION_LEVEL = 0;
				GCC_PREPROCESSOR_DEFINITIONS = (
					"DEBUG=1",
					"$(inherited)",
				);
				GCC_WARN_64_TO_32_BIT_CONVERSION = YES;
				GCC_WARN_ABOUT_RETURN_TYPE = YES_ERROR;
				GCC_WARN_UNDECLARED_SELECTOR = YES;
				GCC_WARN_UNINITIALIZED_AUTOS = YES_AGGRESSIVE;
				GCC_WARN_UNUSED_FUNCTION = YES;
				GCC_WARN_UNUSED_VARIABLE = YES;
				MACOSX_DEPLOYMENT_TARGET = 13.2;
				MTL_ENABLE_DEBUG_INFO = INCLUDE_SOURCE;
				MTL_FAST_MATH = YES;
				ONLY_ACTIVE_ARCH = YES;
				SDKROOT = macosx;
			};
			name = Debug;
		};
		A9CB0ECF29ED0CB2004C2A3C /* Release */ = {
			isa = XCBuildConfiguration;
			buildSettings = {
				ALWAYS_SEARCH_USER_PATHS = NO;
				CLANG_ANALYZER_NONNULL = YES;
				CLANG_ANALYZER_NUMBER_OBJECT_CONVERSION = YES_AGGRESSIVE;
				CLANG_CXX_LANGUAGE_STANDARD = "gnu++20";
				CLANG_ENABLE_MODULES = YES;
				CLANG_ENABLE_OBJC_ARC = YES;
				CLANG_ENABLE_OBJC_WEAK = YES;
				CLANG_WARN_BLOCK_CAPTURE_AUTORELEASING = YES;
				CLANG_WARN_BOOL_CONVERSION = YES;
				CLANG_WARN_COMMA = YES;
				CLANG_WARN_CONSTANT_CONVERSION = YES;
				CLANG_WARN_DEPRECATED_OBJC_IMPLEMENTATIONS = YES;
				CLANG_WARN_DIRECT_OBJC_ISA_USAGE = YES_ERROR;
				CLANG_WARN_DOCUMENTATION_COMMENTS = YES;
				CLANG_WARN_EMPTY_BODY = YES;
				CLANG_WARN_ENUM_CONVERSION = YES;
				CLANG_WARN_INFINITE_RECURSION = YES;
				CLANG_WARN_INT_CONVERSION = YES;
				CLANG_WARN_NON_LITERAL_NULL_CONVERSION = YES;
				CLANG_WARN_OBJC_IMPLICIT_RETAIN_SELF = YES;
				CLANG_WARN_OBJC_LITERAL_CONVERSION = YES;
				CLANG_WARN_OBJC_ROOT_CLASS = YES_ERROR;
				CLANG_WARN_QUOTED_INCLUDE_IN_FRAMEWORK_HEADER = YES;
				CLANG_WARN_RANGE_LOOP_ANALYSIS = YES;
				CLANG_WARN_STRICT_PROTOTYPES = YES;
				CLANG_WARN_SUSPICIOUS_MOVE = YES;
				CLANG_WARN_UNGUARDED_AVAILABILITY = YES_AGGRESSIVE;
				CLANG_WARN_UNREACHABLE_CODE = YES;
				CLANG_WARN__DUPLICATE_METHOD_MATCH = YES;
				COPY_PHASE_STRIP = NO;
				DEBUG_INFORMATION_FORMAT = "dwarf-with-dsym";
				ENABLE_NS_ASSERTIONS = NO;
				ENABLE_STRICT_OBJC_MSGSEND = YES;
				GCC_C_LANGUAGE_STANDARD = gnu11;
				GCC_NO_COMMON_BLOCKS = YES;
				GCC_WARN_64_TO_32_BIT_CONVERSION = YES;
				GCC_WARN_ABOUT_RETURN_TYPE = YES_ERROR;
				GCC_WARN_UNDECLARED_SELECTOR = YES;
				GCC_WARN_UNINITIALIZED_AUTOS = YES_AGGRESSIVE;
				GCC_WARN_UNUSED_FUNCTION = YES;
				GCC_WARN_UNUSED_VARIABLE = YES;
				MACOSX_DEPLOYMENT_TARGET = 13.2;
				MTL_ENABLE_DEBUG_INFO = NO;
				MTL_FAST_MATH = YES;
				SDKROOT = macosx;
			};
			name = Release;
		};
		A9CB0ED129ED0CB2004C2A3C /* Debug */ = {
			isa = XCBuildConfiguration;
			buildSettings = {
				CODE_SIGN_STYLE = Automatic;
				PRODUCT_NAME = "$(TARGET_NAME)";
			};
			name = Debug;
		};
		A9CB0ED229ED0CB2004C2A3C /* Release */ = {
			isa = XCBuildConfiguration;
			buildSettings = {
				CODE_SIGN_STYLE = Automatic;
				PRODUCT_NAME = "$(TARGET_NAME)";
			};
			name = Release;
		};
/* End XCBuildConfiguration section */

/* Begin XCConfigurationList section */
		A9CB0EC429ED0CB2004C2A3C /* Build configuration list for PBXProject "Hyun_Namkoong_200_assign8" */ = {
			isa = XCConfigurationList;
			buildConfigurations = (
				A9CB0ECE29ED0CB2004C2A3C /* Debug */,
				A9CB0ECF29ED0CB2004C2A3C /* Release */,
			);
			defaultConfigurationIsVisible = 0;
			defaultConfigurationName = Release;
		};
		A9CB0ED029ED0CB2004C2A3C /* Build configuration list for PBXNativeTarget "Hyun_Namkoong_200_assign8" */ = {
			isa = XCConfigurationList;
			buildConfigurations = (
				A9CB0ED129ED0CB2004C2A3C /* Debug */,
				A9CB0ED229ED0CB2004C2A3C /* Release */,
			);
			defaultConfigurationIsVisible = 0;
			defaultConfigurationName = Release;
		};
/* End XCConfigurationList section */
	};
	rootObject = A9CB0EC129ED0CB2004C2A3C /* Project object */;
}
